
Microsoft Visual Studio Solution File, Format Version 12.00
# Visual Studio Version 16
VisualStudioVersion = 16.0.29806.167
MinimumVisualStudioVersion = 10.0.40219.1
Project("{9A19103F-16F7-4668-BE54-9A1E7A4F7556}") = "SSBOL", "SSBOL\SSBOL.csproj", "{C06C81F3-78F5-4A10-9DCC-2112BD3C2FF8}"
EndProject
Project("{9A19103F-16F7-4668-BE54-9A1E7A4F7556}") = "SSDAL", "SSDAL\SSDAL.csproj", "{1BEC07E5-DED3-498A-8D40-EEDE7CE75A9A}"
EndProject
Project("{9A19103F-16F7-4668-BE54-9A1E7A4F7556}") = "SSAPI", "SSAPI\SSAPI.csproj", "{4E82154D-8079-42CF-9205-2D0F25F93976}"
EndProject
Project("{9A19103F-16F7-4668-BE54-9A1E7A4F7556}") = "SSUI", "SSUI\SSUI.csproj", "{271FF0F7-A3E9-4971-8C60-62AABD6F03DF}"
EndProject
Project("{9A19103F-16F7-4668-BE54-9A1E7A4F7556}") = "SSUIMain", "..\..\..\Unzip Files\SS\SSUI\SSUIMain.csproj", "{E09E6361-F6D8-4EA2-9656-FD8173E18F7B}"
EndProject
Global
	GlobalSection(SolutionConfigurationPlatforms) = preSolution
		Debug|Any CPU = Debug|Any CPU
		Release|Any CPU = Release|Any CPU
	EndGlobalSection
	GlobalSection(ProjectConfigurationPlatforms) = postSolution
		{C06C81F3-78F5-4A10-9DCC-2112BD3C2FF8}.Debug|Any CPU.ActiveCfg = Debug|Any CPU
		{C06C81F3-78F5-4A10-9DCC-2112BD3C2FF8}.Debug|Any CPU.Build.0 = Debug|Any CPU
		{C06C81F3-78F5-4A10-9DCC-2112BD3C2FF8}.Release|Any CPU.ActiveCfg = Release|Any CPU
		{C06C81F3-78F5-4A10-9DCC-2112BD3C2FF8}.Release|Any CPU.Build.0 = Release|Any CPU
		{1BEC07E5-DED3-498A-8D40-EEDE7CE75A9A}.Debug|Any CPU.ActiveCfg = Debug|Any CPU
		{1BEC07E5-DED3-498A-8D40-EEDE7CE75A9A}.Debug|Any CPU.Build.0 = Debug|Any CPU
		{1BEC07E5-DED3-498A-8D40-EEDE7CE75A9A}.Release|Any CPU.ActiveCfg = Release|Any CPU
		{1BEC07E5-DED3-498A-8D40-EEDE7CE75A9A}.Release|Any CPU.Build.0 = Release|Any CPU
		{4E82154D-8079-42CF-9205-2D0F25F93976}.Debug|Any CPU.ActiveCfg = Debug|Any CPU
		{4E82154D-8079-42CF-9205-2D0F25F93976}.Debug|Any CPU.Build.0 = Debug|Any CPU
		{4E82154D-8079-42CF-9205-2D0F25F93976}.Release|Any CPU.ActiveCfg = Release|Any CPU
		{4E82154D-8079-42CF-9205-2D0F25F93976}.Release|Any CPU.Build.0 = Release|Any CPU
		{271FF0F7-A3E9-4971-8C60-62AABD6F03DF}.Debug|Any CPU.ActiveCfg = Debug|Any CPU
		{271FF0F7-A3E9-4971-8C60-62AABD6F03DF}.Debug|Any CPU.Build.0 = Debug|Any CPU
		{271FF0F7-A3E9-4971-8C60-62AABD6F03DF}.Release|Any CPU.ActiveCfg = Release|Any CPU
		{271FF0F7-A3E9-4971-8C60-62AABD6F03DF}.Release|Any CPU.Build.0 = Release|Any CPU
		{E09E6361-F6D8-4EA2-9656-FD8173E18F7B}.Debug|Any CPU.ActiveCfg = Debug|Any CPU
		{E09E6361-F6D8-4EA2-9656-FD8173E18F7B}.Debug|Any CPU.Build.0 = Debug|Any CPU
		{E09E6361-F6D8-4EA2-9656-FD8173E18F7B}.Release|Any CPU.ActiveCfg = Release|Any CPU
		{E09E6361-F6D8-4EA2-9656-FD8173E18F7B}.Release|Any CPU.Build.0 = Release|Any CPU
	EndGlobalSection
	GlobalSection(SolutionProperties) = preSolution
		HideSolutionNode = FALSE
	EndGlobalSection
	GlobalSection(ExtensibilityGlobals) = postSolution
		SolutionGuid = {C8FF4901-6601-4CDF-91D4-818B1F7F76F9}
	EndGlobalSection
EndGlobal
